
Microsoft Visual Studio Solution File, Format Version 12.00
# Visual Studio 15
VisualStudioVersion = 15.0.27428.2037
MinimumVisualStudioVersion = 10.0.40219.1
Project("{FAE04EC0-301F-11D3-BF4B-00C04F79EFBC}") = "Maria5.5", "Maria5.5\Maria5.5.csproj", "{13998F42-6FD9-40D8-9BA2-DCE6A8EE7A44}"
EndProject
Global
	GlobalSection(SolutionConfigurationPlatforms) = preSolution
		Debug|Any CPU = Debug|Any CPU
		Release|Any CPU = Release|Any CPU
	EndGlobalSection
	GlobalSection(ProjectConfigurationPlatforms) = postSolution
		{13998F42-6FD9-40D8-9BA2-DCE6A8EE7A44}.Debug|Any CPU.ActiveCfg = Debug|Any CPU
		{13998F42-6FD9-40D8-9BA2-DCE6A8EE7A44}.Debug|Any CPU.Build.0 = Debug|Any CPU
		{13998F42-6FD9-40D8-9BA2-DCE6A8EE7A44}.Release|Any CPU.ActiveCfg = Release|Any CPU
		{13998F42-6FD9-40D8-9BA2-DCE6A8EE7A44}.Release|Any CPU.Build.0 = Release|Any CPU
	EndGlobalSection
	GlobalSection(SolutionProperties) = preSolution
		HideSolutionNode = FALSE
	EndGlobalSection
	GlobalSection(ExtensibilityGlobals) = postSolution
		SolutionGuid = {7B599FB8-DAFF-44BB-BFB7-6F8DFE53A337}
	EndGlobalSection
EndGlobal
